
Microsoft Visual Studio Solution File, Format Version 12.00
# Visual Studio Version 17
VisualStudioVersion = 17.1.32421.90
MinimumVisualStudioVersion = 10.0.40219.1
Project("{FAE04EC0-301F-11D3-BF4B-00C04F79EFBC}") = "MyIdentity", "MyIdentity.csproj", "{2ED060FE-2C0C-4A70-BAB9-8AF2ECAA2E00}"
EndProject
Global
	GlobalSection(SolutionConfigurationPlatforms) = preSolution
		Debug|Any CPU = Debug|Any CPU
		Release|Any CPU = Release|Any CPU
	EndGlobalSection
	GlobalSection(ProjectConfigurationPlatforms) = postSolution
		{2ED060FE-2C0C-4A70-BAB9-8AF2ECAA2E00}.Debug|Any CPU.ActiveCfg = Debug|Any CPU
		{2ED060FE-2C0C-4A70-BAB9-8AF2ECAA2E00}.Debug|Any CPU.Build.0 = Debug|Any CPU
		{2ED060FE-2C0C-4A70-BAB9-8AF2ECAA2E00}.Release|Any CPU.ActiveCfg = Release|Any CPU
		{2ED060FE-2C0C-4A70-BAB9-8AF2ECAA2E00}.Release|Any CPU.Build.0 = Release|Any CPU
	EndGlobalSection
	GlobalSection(SolutionProperties) = preSolution
		HideSolutionNode = FALSE
	EndGlobalSection
	GlobalSection(ExtensibilityGlobals) = postSolution
		SolutionGuid = {BF1DB561-5714-40D1-B3A0-6E12431518E0}
	EndGlobalSection
EndGlobal
